
Microsoft Visual Studio Solution File, Format Version 12.00
# Visual Studio Version 16
VisualStudioVersion = 16.0.28705.295
MinimumVisualStudioVersion = 10.0.40219.1
Project("{9A19103F-16F7-4668-BE54-9A1E7A4F7556}") = "DuaTaxi.AuthServer.Infrastructure", "AuthServer.Infrastructure\DuaTaxi.AuthServer.Infrastructure.csproj", "{6E5DAF8E-4CEE-49E3-B9B5-448D1216A868}"
EndProject
Project("{9A19103F-16F7-4668-BE54-9A1E7A4F7556}") = "DuaTaxi.AuthServer", "AuthServer\DuaTaxi.AuthServer.csproj", "{9838346D-ED85-49CC-A066-92D31D009A4E}"
EndProject
Project("{2150E333-8FDC-42A3-9474-1A3956D46DE8}") = "DuaTaxi.Authentication", "DuaTaxi.Authentication", "{A32B3041-5013-4C65-9A37-7A1D57C029CC}"
EndProject
Project("{2150E333-8FDC-42A3-9474-1A3956D46DE8}") = "DbContext", "DbContext", "{A137A9A0-C8F2-4B34-9C57-7D142710F102}"
EndProject
Project("{2150E333-8FDC-42A3-9474-1A3956D46DE8}") = "Entities", "Entities", "{34543F61-842B-4BB4-93E4-D15643E82682}"
EndProject
Project("{2150E333-8FDC-42A3-9474-1A3956D46DE8}") = "DuaTaxi.DataLayer", "DuaTaxi.DataLayer", "{29A5F920-FCF1-420A-9F7D-0E91F8393B47}"
EndProject
Project("{2150E333-8FDC-42A3-9474-1A3956D46DE8}") = "Repository", "Repository", "{159A1311-3A9F-4BD6-A527-1B40A68A11FD}"
EndProject
Project("{9A19103F-16F7-4668-BE54-9A1E7A4F7556}") = "DuaTaxi.Repository", "DuaTaxi.Repository\DuaTaxi.Repository.csproj", "{13818967-3409-4C3E-9CFD-5E5DA9DBFE2F}"
EndProject
Project("{9A19103F-16F7-4668-BE54-9A1E7A4F7556}") = "DuaTaxi.Entities.Core", "DuaTaxi.Entities.Core\DuaTaxi.Entities.Core.csproj", "{855B8646-AD3C-4FA2-960D-2CA01342CDB4}"
EndProject
Project("{9A19103F-16F7-4668-BE54-9A1E7A4F7556}") = "DuaTaxi.DBContext", "DuaTaxi.DBContext\DuaTaxi.DBContext.csproj", "{B757A514-6911-433C-B39D-08CE39FD2619}"
EndProject
Project("{2150E333-8FDC-42A3-9474-1A3956D46DE8}") = "DuaTaxi.Common", "DuaTaxi.Common", "{8ED341FE-AACA-44D1-94F9-E2AEA1FACB2F}"
EndProject
Project("{9A19103F-16F7-4668-BE54-9A1E7A4F7556}") = "DuaTaxi.Common", "DuaTaxi.Common\DuaTaxi.Common.csproj", "{2D791CA1-F9F2-48D5-BD3C-A7D53CC2CFE7}"
EndProject
Project("{2150E333-8FDC-42A3-9474-1A3956D46DE8}") = "DuaTaxi.ServicesCore.Api", "DuaTaxi.ServicesCore.Api", "{8119E296-99CE-419E-8F2B-1A683CD87698}"
EndProject
Project("{9A19103F-16F7-4668-BE54-9A1E7A4F7556}") = "DuaTaxi.CoreApi", "DuaTaxi.CoreApi\DuaTaxi.CoreApi.csproj", "{87930089-8481-41B5-9F8E-16AD92D10DDE}"
EndProject
Project("{2150E333-8FDC-42A3-9474-1A3956D46DE8}") = "DuaTaxi.Services.Operations", "DuaTaxi.Services.Operations", "{3B84128E-43D8-4B67-B731-FAA479076EEA}"
EndProject
Project("{2150E333-8FDC-42A3-9474-1A3956D46DE8}") = "DuaTaxi.ServicesTaxiApi", "DuaTaxi.ServicesTaxiApi", "{CF9B4FA5-7A0B-4CEB-BCC1-F79BC15C3FA9}"
EndProject
Project("{9A19103F-16F7-4668-BE54-9A1E7A4F7556}") = "DuaTaxi.Operations", "DuaTaxi.Operations\DuaTaxi.Operations.csproj", "{7DD91AF1-36F3-4E83-B14D-96FB3D495E92}"
EndProject
Project("{9A19103F-16F7-4668-BE54-9A1E7A4F7556}") = "DuaTaxi.Services.TaxiApi", "DuaTaxi.TaxiApi\DuaTaxi.Services.TaxiApi.csproj", "{227B80D2-E18A-4219-A222-46EC6CBC924E}"
EndProject
Project("{2150E333-8FDC-42A3-9474-1A3956D46DE8}") = "DuaTaxi.ErrorHandlingSignalR", "DuaTaxi.ErrorHandlingSignalR", "{93184010-E55A-4C50-AF3F-CC48863B15D5}"
EndProject
Project("{9A19103F-16F7-4668-BE54-9A1E7A4F7556}") = "DuaTaxi.ErrorHandlerSignalr", "DuaTaxi.ErrorHandlerSignalr\DuaTaxi.ErrorHandlerSignalr.csproj", "{9DF5298E-B412-4322-8E19-74B49BDCD465}"
EndProject
Project("{2150E333-8FDC-42A3-9474-1A3956D46DE8}") = "DuaTaxi.Services.MiniBusApi", "DuaTaxi.Services.MiniBusApi", "{86C7C1BE-03A2-4EF7-9CFA-0E21E13569F8}"
EndProject
Project("{2150E333-8FDC-42A3-9474-1A3956D46DE8}") = "DuaTaxi.Services.SMTP", "DuaTaxi.Services.SMTP", "{C04357A8-CF4B-42FB-8E31-28D46DD279D5}"
EndProject
Project("{2150E333-8FDC-42A3-9474-1A3956D46DE8}") = "DuaTaxi.Services.Payments", "DuaTaxi.Services.Payments", "{CF9DFDE8-F8FA-40CE-98D3-5A27669390EC}"
EndProject
Project("{9A19103F-16F7-4668-BE54-9A1E7A4F7556}") = "DuaTaxi.SMTP", "DuaTaxi.SMTP\DuaTaxi.SMTP.csproj", "{A34345C3-AACB-4BF0-A227-9C9AD971BCE1}"
EndProject
Project("{9A19103F-16F7-4668-BE54-9A1E7A4F7556}") = "DuaTaxi.Service.Payments", "DuaTaxi.Service.Payments\DuaTaxi.Service.Payments.csproj", "{A2E11BAD-7BB2-4BEE-8314-0E40C04EA0D6}"
EndProject
Project("{9A19103F-16F7-4668-BE54-9A1E7A4F7556}") = "DuaTaxi.Service.MiniBusApi", "DuaTaxi.Service.MiniBusApi\DuaTaxi.Service.MiniBusApi.csproj", "{FE24FCA8-7A72-45AB-B78C-B1C7163A7227}"
EndProject
Project("{2150E333-8FDC-42A3-9474-1A3956D46DE8}") = "DuaTaxi.Services.BusApi", "DuaTaxi.Services.BusApi", "{0C6CBB0B-BFF4-4422-8EBB-D9B612E1C127}"
EndProject
Project("{9A19103F-16F7-4668-BE54-9A1E7A4F7556}") = "DuaTaxi.Service.BusApi", "DuaTaxi.Service.BusApi\DuaTaxi.Service.BusApi.csproj", "{2077E0D6-1550-4400-851A-78544D3E2563}"
EndProject
Project("{2150E333-8FDC-42A3-9474-1A3956D46DE8}") = "DuaTaxi.Scripts", "DuaTaxi.Scripts", "{F14F7793-F68F-468C-9B4E-3C08FCF63B42}"
EndProject
Project("{2150E333-8FDC-42A3-9474-1A3956D46DE8}") = "Script", "Script", "{5C48BE71-8F7D-4C37-BCA8-B42CC9844D2C}"
	ProjectSection(SolutionItems) = preProject
		docker-images.txt = docker-images.txt
	EndProjectSection
EndProject
Project("{2150E333-8FDC-42A3-9474-1A3956D46DE8}") = "DuaTaxi.Services.FileApi", "DuaTaxi.Services.FileApi", "{B0B62F51-7742-4A65-91EF-DD1933593B57}"
EndProject
Project("{9A19103F-16F7-4668-BE54-9A1E7A4F7556}") = "DuaTaxi.Service.FileApi", "DuaTaxi.Service.FileApi\DuaTaxi.Service.FileApi.csproj", "{5B1AC59E-47DA-4653-BAE2-3F14A4062249}"
EndProject
Project("{2150E333-8FDC-42A3-9474-1A3956D46DE8}") = "DuaTaxi.Drivers", "DuaTaxi.Drivers", "{3F60E575-F6AE-42D9-941E-E2C291C8C106}"
EndProject
Global
	GlobalSection(SolutionConfigurationPlatforms) = preSolution
		Debug|Any CPU = Debug|Any CPU
		Release|Any CPU = Release|Any CPU
	EndGlobalSection
	GlobalSection(ProjectConfigurationPlatforms) = postSolution
		{6E5DAF8E-4CEE-49E3-B9B5-448D1216A868}.Debug|Any CPU.ActiveCfg = Debug|Any CPU
		{6E5DAF8E-4CEE-49E3-B9B5-448D1216A868}.Debug|Any CPU.Build.0 = Debug|Any CPU
		{6E5DAF8E-4CEE-49E3-B9B5-448D1216A868}.Release|Any CPU.ActiveCfg = Release|Any CPU
		{6E5DAF8E-4CEE-49E3-B9B5-448D1216A868}.Release|Any CPU.Build.0 = Release|Any CPU
		{9838346D-ED85-49CC-A066-92D31D009A4E}.Debug|Any CPU.ActiveCfg = Debug|Any CPU
		{9838346D-ED85-49CC-A066-92D31D009A4E}.Debug|Any CPU.Build.0 = Debug|Any CPU
		{9838346D-ED85-49CC-A066-92D31D009A4E}.Release|Any CPU.ActiveCfg = Release|Any CPU
		{9838346D-ED85-49CC-A066-92D31D009A4E}.Release|Any CPU.Build.0 = Release|Any CPU
		{13818967-3409-4C3E-9CFD-5E5DA9DBFE2F}.Debug|Any CPU.ActiveCfg = Debug|Any CPU
		{13818967-3409-4C3E-9CFD-5E5DA9DBFE2F}.Debug|Any CPU.Build.0 = Debug|Any CPU
		{13818967-3409-4C3E-9CFD-5E5DA9DBFE2F}.Release|Any CPU.ActiveCfg = Release|Any CPU
		{13818967-3409-4C3E-9CFD-5E5DA9DBFE2F}.Release|Any CPU.Build.0 = Release|Any CPU
		{855B8646-AD3C-4FA2-960D-2CA01342CDB4}.Debug|Any CPU.ActiveCfg = Debug|Any CPU
		{855B8646-AD3C-4FA2-960D-2CA01342CDB4}.Debug|Any CPU.Build.0 = Debug|Any CPU
		{855B8646-AD3C-4FA2-960D-2CA01342CDB4}.Release|Any CPU.ActiveCfg = Release|Any CPU
		{855B8646-AD3C-4FA2-960D-2CA01342CDB4}.Release|Any CPU.Build.0 = Release|Any CPU
		{B757A514-6911-433C-B39D-08CE39FD2619}.Debug|Any CPU.ActiveCfg = Debug|Any CPU
		{B757A514-6911-433C-B39D-08CE39FD2619}.Debug|Any CPU.Build.0 = Debug|Any CPU
		{B757A514-6911-433C-B39D-08CE39FD2619}.Release|Any CPU.ActiveCfg = Release|Any CPU
		{B757A514-6911-433C-B39D-08CE39FD2619}.Release|Any CPU.Build.0 = Release|Any CPU
		{2D791CA1-F9F2-48D5-BD3C-A7D53CC2CFE7}.Debug|Any CPU.ActiveCfg = Debug|Any CPU
		{2D791CA1-F9F2-48D5-BD3C-A7D53CC2CFE7}.Debug|Any CPU.Build.0 = Debug|Any CPU
		{2D791CA1-F9F2-48D5-BD3C-A7D53CC2CFE7}.Release|Any CPU.ActiveCfg = Release|Any CPU
		{2D791CA1-F9F2-48D5-BD3C-A7D53CC2CFE7}.Release|Any CPU.Build.0 = Release|Any CPU
		{87930089-8481-41B5-9F8E-16AD92D10DDE}.Debug|Any CPU.ActiveCfg = Debug|Any CPU
		{87930089-8481-41B5-9F8E-16AD92D10DDE}.Debug|Any CPU.Build.0 = Debug|Any CPU
		{87930089-8481-41B5-9F8E-16AD92D10DDE}.Release|Any CPU.ActiveCfg = Release|Any CPU
		{87930089-8481-41B5-9F8E-16AD92D10DDE}.Release|Any CPU.Build.0 = Release|Any CPU
		{7DD91AF1-36F3-4E83-B14D-96FB3D495E92}.Debug|Any CPU.ActiveCfg = Debug|Any CPU
		{7DD91AF1-36F3-4E83-B14D-96FB3D495E92}.Debug|Any CPU.Build.0 = Debug|Any CPU
		{7DD91AF1-36F3-4E83-B14D-96FB3D495E92}.Release|Any CPU.ActiveCfg = Release|Any CPU
		{7DD91AF1-36F3-4E83-B14D-96FB3D495E92}.Release|Any CPU.Build.0 = Release|Any CPU
		{227B80D2-E18A-4219-A222-46EC6CBC924E}.Debug|Any CPU.ActiveCfg = Debug|Any CPU
		{227B80D2-E18A-4219-A222-46EC6CBC924E}.Debug|Any CPU.Build.0 = Debug|Any CPU
		{227B80D2-E18A-4219-A222-46EC6CBC924E}.Release|Any CPU.ActiveCfg = Release|Any CPU
		{227B80D2-E18A-4219-A222-46EC6CBC924E}.Release|Any CPU.Build.0 = Release|Any CPU
		{9DF5298E-B412-4322-8E19-74B49BDCD465}.Debug|Any CPU.ActiveCfg = Debug|Any CPU
		{9DF5298E-B412-4322-8E19-74B49BDCD465}.Debug|Any CPU.Build.0 = Debug|Any CPU
		{9DF5298E-B412-4322-8E19-74B49BDCD465}.Release|Any CPU.ActiveCfg = Release|Any CPU
		{9DF5298E-B412-4322-8E19-74B49BDCD465}.Release|Any CPU.Build.0 = Release|Any CPU
		{A34345C3-AACB-4BF0-A227-9C9AD971BCE1}.Debug|Any CPU.ActiveCfg = Debug|Any CPU
		{A34345C3-AACB-4BF0-A227-9C9AD971BCE1}.Debug|Any CPU.Build.0 = Debug|Any CPU
		{A34345C3-AACB-4BF0-A227-9C9AD971BCE1}.Release|Any CPU.ActiveCfg = Release|Any CPU
		{A34345C3-AACB-4BF0-A227-9C9AD971BCE1}.Release|Any CPU.Build.0 = Release|Any CPU
		{A2E11BAD-7BB2-4BEE-8314-0E40C04EA0D6}.Debug|Any CPU.ActiveCfg = Debug|Any CPU
		{A2E11BAD-7BB2-4BEE-8314-0E40C04EA0D6}.Debug|Any CPU.Build.0 = Debug|Any CPU
		{A2E11BAD-7BB2-4BEE-8314-0E40C04EA0D6}.Release|Any CPU.ActiveCfg = Release|Any CPU
		{A2E11BAD-7BB2-4BEE-8314-0E40C04EA0D6}.Release|Any CPU.Build.0 = Release|Any CPU
		{FE24FCA8-7A72-45AB-B78C-B1C7163A7227}.Debug|Any CPU.ActiveCfg = Debug|Any CPU
		{FE24FCA8-7A72-45AB-B78C-B1C7163A7227}.Debug|Any CPU.Build.0 = Debug|Any CPU
		{FE24FCA8-7A72-45AB-B78C-B1C7163A7227}.Release|Any CPU.ActiveCfg = Release|Any CPU
		{FE24FCA8-7A72-45AB-B78C-B1C7163A7227}.Release|Any CPU.Build.0 = Release|Any CPU
		{2077E0D6-1550-4400-851A-78544D3E2563}.Debug|Any CPU.ActiveCfg = Debug|Any CPU
		{2077E0D6-1550-4400-851A-78544D3E2563}.Debug|Any CPU.Build.0 = Debug|Any CPU
		{2077E0D6-1550-4400-851A-78544D3E2563}.Release|Any CPU.ActiveCfg = Release|Any CPU
		{2077E0D6-1550-4400-851A-78544D3E2563}.Release|Any CPU.Build.0 = Release|Any CPU
		{5B1AC59E-47DA-4653-BAE2-3F14A4062249}.Debug|Any CPU.ActiveCfg = Debug|Any CPU
		{5B1AC59E-47DA-4653-BAE2-3F14A4062249}.Debug|Any CPU.Build.0 = Debug|Any CPU
		{5B1AC59E-47DA-4653-BAE2-3F14A4062249}.Release|Any CPU.ActiveCfg = Release|Any CPU
		{5B1AC59E-47DA-4653-BAE2-3F14A4062249}.Release|Any CPU.Build.0 = Release|Any CPU
	EndGlobalSection
	GlobalSection(SolutionProperties) = preSolution
		HideSolutionNode = FALSE
	EndGlobalSection
	GlobalSection(NestedProjects) = preSolution
		{6E5DAF8E-4CEE-49E3-B9B5-448D1216A868} = {A32B3041-5013-4C65-9A37-7A1D57C029CC}
		{9838346D-ED85-49CC-A066-92D31D009A4E} = {A32B3041-5013-4C65-9A37-7A1D57C029CC}
		{A137A9A0-C8F2-4B34-9C57-7D142710F102} = {29A5F920-FCF1-420A-9F7D-0E91F8393B47}
		{34543F61-842B-4BB4-93E4-D15643E82682} = {29A5F920-FCF1-420A-9F7D-0E91F8393B47}
		{159A1311-3A9F-4BD6-A527-1B40A68A11FD} = {29A5F920-FCF1-420A-9F7D-0E91F8393B47}
		{13818967-3409-4C3E-9CFD-5E5DA9DBFE2F} = {159A1311-3A9F-4BD6-A527-1B40A68A11FD}
		{855B8646-AD3C-4FA2-960D-2CA01342CDB4} = {34543F61-842B-4BB4-93E4-D15643E82682}
		{B757A514-6911-433C-B39D-08CE39FD2619} = {A137A9A0-C8F2-4B34-9C57-7D142710F102}
		{2D791CA1-F9F2-48D5-BD3C-A7D53CC2CFE7} = {8ED341FE-AACA-44D1-94F9-E2AEA1FACB2F}
		{87930089-8481-41B5-9F8E-16AD92D10DDE} = {8119E296-99CE-419E-8F2B-1A683CD87698}
		{CF9B4FA5-7A0B-4CEB-BCC1-F79BC15C3FA9} = {3F60E575-F6AE-42D9-941E-E2C291C8C106}
		{7DD91AF1-36F3-4E83-B14D-96FB3D495E92} = {3B84128E-43D8-4B67-B731-FAA479076EEA}
		{227B80D2-E18A-4219-A222-46EC6CBC924E} = {CF9B4FA5-7A0B-4CEB-BCC1-F79BC15C3FA9}
		{9DF5298E-B412-4322-8E19-74B49BDCD465} = {93184010-E55A-4C50-AF3F-CC48863B15D5}
		{86C7C1BE-03A2-4EF7-9CFA-0E21E13569F8} = {3F60E575-F6AE-42D9-941E-E2C291C8C106}
		{A34345C3-AACB-4BF0-A227-9C9AD971BCE1} = {C04357A8-CF4B-42FB-8E31-28D46DD279D5}
		{A2E11BAD-7BB2-4BEE-8314-0E40C04EA0D6} = {CF9DFDE8-F8FA-40CE-98D3-5A27669390EC}
		{FE24FCA8-7A72-45AB-B78C-B1C7163A7227} = {86C7C1BE-03A2-4EF7-9CFA-0E21E13569F8}
		{0C6CBB0B-BFF4-4422-8EBB-D9B612E1C127} = {3F60E575-F6AE-42D9-941E-E2C291C8C106}
		{2077E0D6-1550-4400-851A-78544D3E2563} = {0C6CBB0B-BFF4-4422-8EBB-D9B612E1C127}
		{5C48BE71-8F7D-4C37-BCA8-B42CC9844D2C} = {F14F7793-F68F-468C-9B4E-3C08FCF63B42}
		{5B1AC59E-47DA-4653-BAE2-3F14A4062249} = {B0B62F51-7742-4A65-91EF-DD1933593B57}
	EndGlobalSection
	GlobalSection(ExtensibilityGlobals) = postSolution
		SolutionGuid = {798D95C6-049E-4430-8931-CDF6D4AFA342}
	EndGlobalSection
EndGlobal
